
Microsoft Visual Studio Solution File, Format Version 12.00
# Visual Studio Version 17
VisualStudioVersion = 17.8.34525.116
MinimumVisualStudioVersion = 10.0.40219.1
Project("{2150E333-8FDC-42A3-9474-1A3956D46DE8}") = "src", "src", "{0F9A5488-2213-41FA-A8F0-A57F0E683FC8}"
EndProject
Project("{2150E333-8FDC-42A3-9474-1A3956D46DE8}") = "Core", "Core", "{5E9B8017-8E2F-4825-B379-090874E91DD5}"
EndProject
Project("{2150E333-8FDC-42A3-9474-1A3956D46DE8}") = "Infrastructure", "Infrastructure", "{6D3BB569-08A8-4649-9087-BC6F94FE6457}"
EndProject
Project("{2150E333-8FDC-42A3-9474-1A3956D46DE8}") = "Presentation", "Presentation", "{EFE6BFFC-C971-45DC-9296-DAEBBF267BBD}"
EndProject
Project("{9A19103F-16F7-4668-BE54-9A1E7A4F7556}") = "Nest.Domain", "src\core\Nest.Domain\Nest.Domain.csproj", "{75C9BDA1-3E02-4878-9290-6F4C4B39A9B2}"
EndProject
Project("{9A19103F-16F7-4668-BE54-9A1E7A4F7556}") = "Nest.Application", "src\core\Nest.Application\Nest.Application.csproj", "{A3FB692E-8CB2-46D2-99E6-DEE4377CC9E6}"
EndProject
Project("{9A19103F-16F7-4668-BE54-9A1E7A4F7556}") = "Nest.Infrastructure", "src\Infrastructure\Nest.Infrastructure\Nest.Infrastructure.csproj", "{89C6CBEF-B788-4CF2-A668-EC3DF90A960F}"
EndProject
Project("{9A19103F-16F7-4668-BE54-9A1E7A4F7556}") = "Nest.Persistence", "src\Infrastructure\Nest.Persistence\Nest.Persistence.csproj", "{544C1690-77C3-491A-8965-0C3E9C960692}"
EndProject
Project("{9A19103F-16F7-4668-BE54-9A1E7A4F7556}") = "Nest.API", "src\Presentation\Nest.API\Nest.API.csproj", "{0B6E3DC0-1C50-440C-8D89-3F6981E2B96C}"
EndProject
Global
	GlobalSection(SolutionConfigurationPlatforms) = preSolution
		Debug|Any CPU = Debug|Any CPU
		Release|Any CPU = Release|Any CPU
	EndGlobalSection
	GlobalSection(ProjectConfigurationPlatforms) = postSolution
		{75C9BDA1-3E02-4878-9290-6F4C4B39A9B2}.Debug|Any CPU.ActiveCfg = Debug|Any CPU
		{75C9BDA1-3E02-4878-9290-6F4C4B39A9B2}.Debug|Any CPU.Build.0 = Debug|Any CPU
		{75C9BDA1-3E02-4878-9290-6F4C4B39A9B2}.Release|Any CPU.ActiveCfg = Release|Any CPU
		{75C9BDA1-3E02-4878-9290-6F4C4B39A9B2}.Release|Any CPU.Build.0 = Release|Any CPU
		{A3FB692E-8CB2-46D2-99E6-DEE4377CC9E6}.Debug|Any CPU.ActiveCfg = Debug|Any CPU
		{A3FB692E-8CB2-46D2-99E6-DEE4377CC9E6}.Debug|Any CPU.Build.0 = Debug|Any CPU
		{A3FB692E-8CB2-46D2-99E6-DEE4377CC9E6}.Release|Any CPU.ActiveCfg = Release|Any CPU
		{A3FB692E-8CB2-46D2-99E6-DEE4377CC9E6}.Release|Any CPU.Build.0 = Release|Any CPU
		{89C6CBEF-B788-4CF2-A668-EC3DF90A960F}.Debug|Any CPU.ActiveCfg = Debug|Any CPU
		{89C6CBEF-B788-4CF2-A668-EC3DF90A960F}.Debug|Any CPU.Build.0 = Debug|Any CPU
		{89C6CBEF-B788-4CF2-A668-EC3DF90A960F}.Release|Any CPU.ActiveCfg = Release|Any CPU
		{89C6CBEF-B788-4CF2-A668-EC3DF90A960F}.Release|Any CPU.Build.0 = Release|Any CPU
		{544C1690-77C3-491A-8965-0C3E9C960692}.Debug|Any CPU.ActiveCfg = Debug|Any CPU
		{544C1690-77C3-491A-8965-0C3E9C960692}.Debug|Any CPU.Build.0 = Debug|Any CPU
		{544C1690-77C3-491A-8965-0C3E9C960692}.Release|Any CPU.ActiveCfg = Release|Any CPU
		{544C1690-77C3-491A-8965-0C3E9C960692}.Release|Any CPU.Build.0 = Release|Any CPU
		{0B6E3DC0-1C50-440C-8D89-3F6981E2B96C}.Debug|Any CPU.ActiveCfg = Debug|Any CPU
		{0B6E3DC0-1C50-440C-8D89-3F6981E2B96C}.Debug|Any CPU.Build.0 = Debug|Any CPU
		{0B6E3DC0-1C50-440C-8D89-3F6981E2B96C}.Release|Any CPU.ActiveCfg = Release|Any CPU
		{0B6E3DC0-1C50-440C-8D89-3F6981E2B96C}.Release|Any CPU.Build.0 = Release|Any CPU
	EndGlobalSection
	GlobalSection(SolutionProperties) = preSolution
		HideSolutionNode = FALSE
	EndGlobalSection
	GlobalSection(NestedProjects) = preSolution
		{5E9B8017-8E2F-4825-B379-090874E91DD5} = {0F9A5488-2213-41FA-A8F0-A57F0E683FC8}
		{6D3BB569-08A8-4649-9087-BC6F94FE6457} = {0F9A5488-2213-41FA-A8F0-A57F0E683FC8}
		{EFE6BFFC-C971-45DC-9296-DAEBBF267BBD} = {0F9A5488-2213-41FA-A8F0-A57F0E683FC8}
		{75C9BDA1-3E02-4878-9290-6F4C4B39A9B2} = {5E9B8017-8E2F-4825-B379-090874E91DD5}
		{A3FB692E-8CB2-46D2-99E6-DEE4377CC9E6} = {5E9B8017-8E2F-4825-B379-090874E91DD5}
		{89C6CBEF-B788-4CF2-A668-EC3DF90A960F} = {6D3BB569-08A8-4649-9087-BC6F94FE6457}
		{544C1690-77C3-491A-8965-0C3E9C960692} = {6D3BB569-08A8-4649-9087-BC6F94FE6457}
		{0B6E3DC0-1C50-440C-8D89-3F6981E2B96C} = {EFE6BFFC-C971-45DC-9296-DAEBBF267BBD}
	EndGlobalSection
	GlobalSection(ExtensibilityGlobals) = postSolution
		SolutionGuid = {F7F6E050-AE50-4030-A08C-BCDFEDF66844}
	EndGlobalSection
EndGlobal
